{
    "_readme": [
        "This file locks the dependencies of your project to a known state",
        "Read more about it at https://getcomposer.org/doc/01-basic-usage.md#installing-dependencies",
        "This file is @generated automatically"
    ],
    "content-hash": "e853e3cb0292d714a4d70178593fe43b",
    "packages": [
        {
            "name": "niccolox/optidash-php",
            "version": "master",
            "source": {
                "type": "git",
                "url": "https://github.com/niccolox/optidash-php.git",
                "reference": "master"
            },
            "type": "library",
            "autoload": {
                "classmap": [
                    "lib"
                ]
            }
        }
    ],
    "packages-dev": [],
    "aliases": [],
    "minimum-stability": "dev",
    "stability-flags": [],
    "prefer-stable": false,
    "prefer-lowest": false,
    "platform": [],
    "platform-dev": [],
    "plugin-api-version": "2.2.0"
}
